schema: '2.0'
stages:
  quality_gate:
    cmd: uv run python dvc_gate_stage.py
    deps:
    - path: ../reports/quality.json
      hash: md5
      md5: 27ec9857d7f85150b5c48a703969f441
      size: 26253
    - path: dvc_gate_stage.py
      hash: md5
      md5: 75ed4c9299c5c526be827e6c5386e929
      size: 2101
      isexec: true
    - path: presentation/contracts.py
      hash: md5
      md5: 24a51d6f65165cc4377911bf659dbaf2
      size: 3791
      isexec: true
    outs:
    - path: ../reports/.quality_gate.passed
      hash: md5
      md5: edf1b9bbb2e79dff0fa187fdc33dd0ac
      size: 7
  projections:
    cmd: uv run python dvc_projections_stage.py
    deps:
    - path: ../data/raw/annotations
      hash: md5
      md5: c7cb86ae7ece94ef7b853620e464a4d7.dir
      size: 256669
      nfiles: 10
    - path: ../data/raw/images
      hash: md5
      md5: 951150dd4fb053f4665089fcb37a1c87.dir
      size: 13556278
      nfiles: 600
    - path: analyzers/base.py
      hash: md5
      md5: 20e5bf946dc5c89373db4fcf3a1b4c40
      size: 229
      isexec: true
    - path: dvc_projections_stage.py
      hash: md5
      md5: f91eb11904bd329dfc9eff77a7795672
      size: 1080
      isexec: true
    - path: ingestion/__init__.py
      hash: md5
      md5: 348c29beb25cb2c7bdd00120146d1ec6
      size: 220
      isexec: true
    - path: ingestion/loader.py
      hash: md5
      md5: 9d44c0cf72c140b2276738dfa840571b
      size: 2623
      isexec: true
    - path: ingestion/models.py
      hash: md5
      md5: bd165d23ec0be422d3cf789ac3da6bda
      size: 3206
      isexec: true
    - path: policies/models.py
      hash: md5
      md5: 74bf2de1b7d3ad7d5749c46a42fc1743
      size: 1405
      isexec: true
    - path: policies/quality.yaml
      hash: md5
      md5: 6b7ed64be85828614dac8a1341a3b91f
      size: 1264
      isexec: true
    - path: presentation/__init__.py
      hash: md5
      md5: 7867f173e84e7d9c8bf8c089532208dd
      size: 223
      isexec: true
    - path: presentation/contracts.py
      hash: md5
      md5: 24a51d6f65165cc4377911bf659dbaf2
      size: 3791
      isexec: true
    - path: presentation/projections.py
      hash: md5
      md5: 009933c417b69be2b7b4c76db9f81b64
      size: 4233
      isexec: true
    - path: presentation/projections_contracts.py
      hash: md5
      md5: a6e9fae2f8ce872ed1e8be92e4ea721f
      size: 3223
      isexec: true
    - path: projections/__init__.py
      hash: md5
      md5: 9eb98c01fe1aecc710255729eabb8825
      size: 90
      isexec: true
    - path: projections/compute.py
      hash: md5
      md5: 92b039ea7864665c947ed8629bfa32cf
      size: 4089
      isexec: true
    - path: projections/models.py
      hash: md5
      md5: 7174a3f3dcc49d075ea63c4e349f31ab
      size: 2276
      isexec: true
    - path: pyproject.toml
      hash: md5
      md5: 21cc15174ff6bec340db6aa3265ae084
      size: 1282
      isexec: true
    - path: storage/settings.py
      hash: md5
      md5: bfa8d6cef1ac98a1d52ba0e28d478502
      size: 4117
      isexec: true
    - path: uv.lock
      hash: md5
      md5: 27f68d5ad4e453843b6646f06058a9c8
      size: 114274
      isexec: true
    params:
      projections/projections.yaml:
        dataset_version: local-dev
        features:
          representation: rgb_pixels
          width: 16
          height: 16
          channels: 3
          resize_filter: LANCZOS
          exif_orientation: transpose
          normalization: divide_by_255
        pca:
          n_components: 2
          svd_solver: full
          whiten: false
        tsne:
          n_components: 2
          random_state: 42
          init: pca
          learning_rate: auto
          max_iter: 1000
          perplexity: 30.0
          method: barnes_hut
    outs:
    - path: ../reports/projections.json
      hash: md5
      md5: f88a36674846d57c91ad76f7f65e5bb5
      size: 230921
  quality_report:
    cmd: uv run python dvc_quality_report_stage.py
    deps:
    - path: ../data/raw/annotations
      hash: md5
      md5: c7cb86ae7ece94ef7b853620e464a4d7.dir
      size: 256669
      nfiles: 10
    - path: ../data/raw/images
      hash: md5
      md5: 951150dd4fb053f4665089fcb37a1c87.dir
      size: 13556278
      nfiles: 600
    - path: analyzers
      hash: md5
      md5: 6708b89d542fc89338a34ff1d12b7274.dir
      size: 64283
      nfiles: 17
    - path: dvc_quality_report_stage.py
      hash: md5
      md5: fbc5e23fc611e984b3504f326e898b21
      size: 785
    - path: ingestion
      hash: md5
      md5: 1c83e7cf973cb9682b48e44ca8faa55e.dir
      size: 18255
      nfiles: 7
    - path: policies
      hash: md5
      md5: 2f87034722cfe5fb6abbfa9bdd851104.dir
      size: 8279
      nfiles: 10
    - path: presentation/contracts.py
      hash: md5
      md5: 24a51d6f65165cc4377911bf659dbaf2
      size: 3791
    - path: presentation/gate.py
      hash: md5
      md5: 67af69631dee039695c7f6e644ce000c
      size: 8678
    - path: splits/__init__.py
      hash: md5
      md5: a46b91acd643cdbea84fbd902a6e825e
      size: 146
    - path: splits/models.py
      hash: md5
      md5: c9057c6b2ee415daed5ad8a0b4016ea0
      size: 1290
    - path: splits/stratified.py
      hash: md5
      md5: f00bfed6ee2d3180f2d11e8d6ea3190a
      size: 12497
    - path: storage/settings.py
      hash: md5
      md5: bfa8d6cef1ac98a1d52ba0e28d478502
      size: 4117
    params:
      splits/splits.yaml:
        seed: 42
        test: 0.15
        train: 0.7
        val: 0.15
    outs:
    - path: ../reports/quality.json
      hash: md5
      md5: 27ec9857d7f85150b5c48a703969f441
      size: 26253
  split:
    cmd: uv run python dvc_split_stage.py
    deps:
    - path: ../data/raw/annotations
      hash: md5
      md5: c7cb86ae7ece94ef7b853620e464a4d7.dir
      size: 256669
      nfiles: 10
    - path: ../data/raw/images
      hash: md5
      md5: 951150dd4fb053f4665089fcb37a1c87.dir
      size: 13556278
      nfiles: 600
    - path: ../reports/.quality_gate.passed
      hash: md5
      md5: edf1b9bbb2e79dff0fa187fdc33dd0ac
      size: 7
    - path: analyzers
      hash: md5
      md5: 977f5810ada71fbf97c87bb0624cac53.dir
      size: 63882
      nfiles: 17
    - path: dvc_gate_stage.py
      hash: md5
      md5: 75ed4c9299c5c526be827e6c5386e929
      size: 2101
      isexec: true
    - path: dvc_split_stage.py
      hash: md5
      md5: 2fc4486b85b0e46063f59dbd054abaf9
      size: 1459
      isexec: true
    - path: ingestion
      hash: md5
      md5: cf75a9ec8e06de7105fe02bb5a3deab6.dir
      size: 17416
      nfiles: 7
    - path: policies
      hash: md5
      md5: 964191b9e7085dc99bac7b7ec8f4b29d.dir
      size: 8183
      nfiles: 10
    - path: presentation/contracts.py
      hash: md5
      md5: 24a51d6f65165cc4377911bf659dbaf2
      size: 3791
      isexec: true
    - path: presentation/gate.py
      hash: md5
      md5: 67af69631dee039695c7f6e644ce000c
      size: 8678
      isexec: true
    - path: presentation/splits.py
      hash: md5
      md5: 786471549a16287da77d7861c781347a
      size: 1514
      isexec: true
    - path: splits
      hash: md5
      md5: d4e10386cc305c96e8dd111ee4293364.dir
      size: 46025
      nfiles: 8
    - path: storage/settings.py
      hash: md5
      md5: bfa8d6cef1ac98a1d52ba0e28d478502
      size: 4117
      isexec: true
    outs:
    - path: ../reports/splits.json
      hash: md5
      md5: 1091469105770e8c3fcb41f10dc4a844
      size: 645
  crops:
    cmd: uv run python dvc_crops_stage.py
    deps:
    - path: ../data/raw/annotations
      hash: md5
      md5: c7cb86ae7ece94ef7b853620e464a4d7.dir
      size: 256669
      nfiles: 10
    - path: ../data/raw/images
      hash: md5
      md5: 951150dd4fb053f4665089fcb37a1c87.dir
      size: 13556278
      nfiles: 600
    - path: ../reports/.quality_gate.passed
      hash: md5
      md5: edf1b9bbb2e79dff0fa187fdc33dd0ac
      size: 7
    - path: ../reports/releases/v0.1.1/quality.json
      hash: md5
      md5: 124d28ed7ed8fa0bd69b441015c67b61
      size: 25698
    - path: ../reports/versions.json
      hash: md5
      md5: 8e6d1165d4af7c9ee54e7bedd7072457
      size: 355
    - path: crops/__init__.py
      hash: md5
      md5: d41d8cd98f00b204e9800998ecf8427e
      size: 0
    - path: crops/classes.py
      hash: md5
      md5: 5f3e26e83c87728549497a3ac7c3faca
      size: 1695
    - path: crops/extract.py
      hash: md5
      md5: aae61d1a8b77a8275c256de29bb7a7ad
      size: 8975
    - path: crops/models.py
      hash: md5
      md5: 31c6dd4b586b9317e12ab236d0a6c14c
      size: 4279
    - path: dvc_crops_stage.py
      hash: md5
      md5: e90525af0c48388ad99ef2d8c6027a58
      size: 3063
    - path: dvc_gate_stage.py
      hash: md5
      md5: 75ed4c9299c5c526be827e6c5386e929
      size: 2101
    - path: ingestion/__init__.py
      hash: md5
      md5: 348c29beb25cb2c7bdd00120146d1ec6
      size: 220
    - path: ingestion/loader.py
      hash: md5
      md5: 1ff1ad8812d01c3111b461028ae73316
      size: 2921
    - path: presentation/contracts.py
      hash: md5
      md5: 24a51d6f65165cc4377911bf659dbaf2
      size: 3791
    - path: releases/p2_releases.json
      hash: md5
      md5: d7765e9acc028688294fcb1aa70cfd5f
      size: 712
    - path: releases/service.py
      hash: md5
      md5: f3bacf5771e875782e50fd7b93ecbd9b
      size: 10775
    params:
      releases/selection.yaml:
        catalog: releases/p2_releases.json
        release_version: v0.1.1
    outs:
    - path: ../data/crops
      hash: md5
      md5: 6310fdae69af43e73d2774cb26204fe8.dir
      size: 79962078
      nfiles: 668
    - path: ../reports/crops.json
      hash: md5
      md5: e9b14c0c8b1d7c8cc083843b0ae65f6a
      size: 370444
  manifest:
    cmd: uv run python -m manifests.build_release
    deps:
    - path: ../reports/crops.json
      hash: md5
      md5: e9b14c0c8b1d7c8cc083843b0ae65f6a
      size: 370444
    - path: ../reports/releases/v0.1.1/quality.json
      hash: md5
      md5: 124d28ed7ed8fa0bd69b441015c67b61
      size: 25698
    - path: manifests/__init__.py
      hash: md5
      md5: d41d8cd98f00b204e9800998ecf8427e
      size: 0
    - path: manifests/build_release.py
      hash: md5
      md5: d0c63c7fea302a968f4c9e6d65ca977a
      size: 3236
    - path: manifests/generate.py
      hash: md5
      md5: 79c5e5359754922746c1bdba05f4ea0c
      size: 11430
    - path: manifests/models.py
      hash: md5
      md5: 2e1e521a6452af6bbdaf8e0790ac5a28
      size: 1988
    - path: manifests/validation.py
      hash: md5
      md5: 775608526b42999738e8ec2e65ba16d6
      size: 863
    outs:
    - path: ../reports/releases/v0.1.1/manifest.json
      hash: md5
      md5: 533dc83dd7b5cb2b1ebba75c854724f0
      size: 108199
